fastapi==0.141.1
httpx==0.28.1
httpx2==2.13.0
numpy==2.3.3
ollama==0.6.2
openai==3.14.1
pydantic_core==2.46.0
pydantic==2.13.0
pydantic-settings==2.15.0
pypdf==6.19.0
pytest==9.1.1
python-docx==1.2.0
qdrant-client==1.19.1
rank-bm25==0.2.2
scikit-learn==1.9.0
scipy==1.17.1
sentence-transformers==6.0.1
tokenizers==0.22.2
torch==2.5.1+cu121
torchao==0.17.0
torchvision==0.25.0
transformers==5.5.0
uvicorn==0.52.3
langfuse==4.15.4
FlashRank==0.2.10
